
Microsoft Visual Studio Solution File, Format Version 12.00
# Visual Studio Version 17
VisualStudioVersion = 17.0.32014.148
MinimumVisualStudioVersion = 10.0.40219.1
Project("{FAE04EC0-301F-11D3-BF4B-00C04F79EFBC}") = "Journey2", "Journey2\Journey2.csproj", "{57436A0F-1E22-40C3-AC78-A47C098D9112}"
EndProject
Global
	GlobalSection(SolutionConfigurationPlatforms) = preSolution
		Debug|Any CPU = Debug|Any CPU
		Release|Any CPU = Release|Any CPU
	EndGlobalSection
	GlobalSection(ProjectConfigurationPlatforms) = postSolution
		{57436A0F-1E22-40C3-AC78-A47C098D9112}.Debug|Any CPU.ActiveCfg = Debug|Any CPU
		{57436A0F-1E22-40C3-AC78-A47C098D9112}.Debug|Any CPU.Build.0 = Debug|Any CPU
		{57436A0F-1E22-40C3-AC78-A47C098D9112}.Release|Any CPU.ActiveCfg = Release|Any CPU
		{57436A0F-1E22-40C3-AC78-A47C098D9112}.Release|Any CPU.Build.0 = Release|Any CPU
	EndGlobalSection
	GlobalSection(SolutionProperties) = preSolution
		HideSolutionNode = FALSE
	EndGlobalSection
	GlobalSection(ExtensibilityGlobals) = postSolution
		SolutionGuid = {6F9F66A1-91E7-4385-BFDC-B05310BE41B1}
	EndGlobalSection
EndGlobal
